
Microsoft Visual Studio Solution File, Format Version 12.00
# Visual Studio 15
VisualStudioVersion = 15.0.28307.572
MinimumVisualStudioVersion = 10.0.40219.1
Project("{FAE04EC0-301F-11D3-BF4B-00C04F79EFBC}") = "RTS (Task One)", "RTS (Task One)\RTS (Task One).csproj", "{AA3036A2-0333-4722-8580-65BD24D84EF2}"
EndProject
Global
	GlobalSection(SolutionConfigurationPlatforms) = preSolution
		Debug|Any CPU = Debug|Any CPU
		Release|Any CPU = Release|Any CPU
	EndGlobalSection
	GlobalSection(ProjectConfigurationPlatforms) = postSolution
		{AA3036A2-0333-4722-8580-65BD24D84EF2}.Debug|Any CPU.ActiveCfg = Debug|Any CPU
		{AA3036A2-0333-4722-8580-65BD24D84EF2}.Debug|Any CPU.Build.0 = Debug|Any CPU
		{AA3036A2-0333-4722-8580-65BD24D84EF2}.Release|Any CPU.ActiveCfg = Release|Any CPU
		{AA3036A2-0333-4722-8580-65BD24D84EF2}.Release|Any CPU.Build.0 = Release|Any CPU
	EndGlobalSection
	GlobalSection(SolutionProperties) = preSolution
		HideSolutionNode = FALSE
	EndGlobalSection
	GlobalSection(ExtensibilityGlobals) = postSolution
		SolutionGuid = {84B2278A-1807-490E-B1F2-C47BE0DFA4B1}
	EndGlobalSection
EndGlobal
